{
  "name": "@cfedk/cdk-pipeline",
  "version": "0.0.3",
  "lockfileVersion": 1,
  "requires": true,
  "dependencies": {
    "@aws-cdk/assets": {
      "version": "1.32.0",
      "resolved": "https://registry.npmjs.org/@aws-cdk/assets/-/assets-1.32.0.tgz",
      "integrity": "sha512-ooINlKG9PvmsiKNWX1JLAxFQG2AnGfaQp7WYW73gLhG2XYcQd42aV6TN4adsxHAqgsPXbxdsrnDx6f4IqoIyfQ==",
      "requires": {
        "@aws-cdk/core": "1.32.0",
        "@aws-cdk/cx-api": "1.32.0",
        "constructs": "^2.0.0",
        "minimatch": "^3.0.4"
      },
      "dependencies": {
        "balanced-match": {
          "version": "1.0.0",
          "bundled": true
        },
        "brace-expansion": {
          "version": "1.1.11",
          "bundled": true,
          "requires": {
            "balanced-match": "^1.0.0",
            "concat-map": "0.0.1"
          }
        },
        "concat-map": {
          "version": "0.0.1",
          "bundled": true
        },
        "minimatch": {
          "version": "3.0.4",
          "bundled": true,
          "requires": {
            "brace-expansion": "^1.1.7"
          }
        }
      }
    },
    "@aws-cdk/aws-apigateway": {
      "version": "1.32.0",
      "resolved": "https://registry.npmjs.org/@aws-cdk/aws-apigateway/-/aws-apigateway-1.32.0.tgz",
      "integrity": "sha512-qoUq64MIwFBHWTJ4o0VjIKoQ0hJDGI7HrBVj1WNWm61/t45kT+/SBIZLsG6X/qESgAqZAEukdBOpqtG83ft1Uw==",
      "requires": {
        "@aws-cdk/aws-certificatemanager": "1.32.0",
        "@aws-cdk/aws-ec2": "1.32.0",
        "@aws-cdk/aws-elasticloadbalancingv2": "1.32.0",
        "@aws-cdk/aws-iam": "1.32.0",
        "@aws-cdk/aws-lambda": "1.32.0",
        "@aws-cdk/aws-logs": "1.32.0",
        "@aws-cdk/core": "1.32.0",
        "constructs": "^2.0.0"
      }
    },
    "@aws-cdk/aws-applicationautoscaling": {
      "version": "1.32.0",
      "resolved": "https://registry.npmjs.org/@aws-cdk/aws-applicationautoscaling/-/aws-applicationautoscaling-1.32.0.tgz",
      "integrity": "sha512-KsOC+XxfjXzVYTYV1ZAby2U3vKvlSXp22mheHGRezR3yDfgqlRbjXHSpUxjELPlbfWxJUMG7Erlm0jSyFbIqjQ==",
      "requires": {
        "@aws-cdk/aws-autoscaling-common": "1.32.0",
        "@aws-cdk/aws-cloudwatch": "1.32.0",
        "@aws-cdk/aws-iam": "1.32.0",
        "@aws-cdk/core": "1.32.0",
        "constructs": "^2.0.0"
      }
    },
    "@aws-cdk/aws-autoscaling": {
      "version": "1.32.0",
      "resolved": "https://registry.npmjs.org/@aws-cdk/aws-autoscaling/-/aws-autoscaling-1.32.0.tgz",
      "integrity": "sha512-cRIWxwB8vOd2xxtNOZdFoTKdDSWUF2mW09xgEIrDmbhsfOUniZQWdj9PsLWbYFkNMCbpH+1QLCYQGzSg0A4uWQ==",
      "requires": {
        "@aws-cdk/aws-autoscaling-common": "1.32.0",
        "@aws-cdk/aws-cloudwatch": "1.32.0",
        "@aws-cdk/aws-ec2": "1.32.0",
        "@aws-cdk/aws-elasticloadbalancing": "1.32.0",
        "@aws-cdk/aws-elasticloadbalancingv2": "1.32.0",
        "@aws-cdk/aws-iam": "1.32.0",
        "@aws-cdk/aws-sns": "1.32.0",
        "@aws-cdk/core": "1.32.0",
        "constructs": "^2.0.0"
      }
    },
    "@aws-cdk/aws-autoscaling-common": {
      "version": "1.32.0",
      "resolved": "https://registry.npmjs.org/@aws-cdk/aws-autoscaling-common/-/aws-autoscaling-common-1.32.0.tgz",
      "integrity": "sha512-tHwhHK9Baua9qX0s4/Hbltj/kptycOwN7gynw2MnoCJpDM4Of4kU9ljs8u4fpKLe5lrYWHg7gfVpsnyTa/b3uw==",
      "requires": {
        "@aws-cdk/aws-iam": "1.32.0",
        "@aws-cdk/core": "1.32.0",
        "constructs": "^2.0.0"
      }
    },
    "@aws-cdk/aws-autoscaling-hooktargets": {
      "version": "1.32.0",
      "resolved": "https://registry.npmjs.org/@aws-cdk/aws-autoscaling-hooktargets/-/aws-autoscaling-hooktargets-1.32.0.tgz",
      "integrity": "sha512-33K2w0PMWL2cgSuJTUVlk/woIpZjO5xUNXlq4g2q2/Fp7iv5EOnM8T3MbQe3QLom3HYnDUKH3iUIOXxtCd7oRQ==",
      "requires": {
        "@aws-cdk/aws-autoscaling": "1.32.0",
        "@aws-cdk/aws-iam": "1.32.0",
        "@aws-cdk/aws-lambda": "1.32.0",
        "@aws-cdk/aws-sns": "1.32.0",
        "@aws-cdk/aws-sns-subscriptions": "1.32.0",
        "@aws-cdk/aws-sqs": "1.32.0",
        "@aws-cdk/core": "1.32.0",
        "constructs": "^2.0.0"
      }
    },
    "@aws-cdk/aws-batch": {
      "version": "1.32.0",
      "resolved": "https://registry.npmjs.org/@aws-cdk/aws-batch/-/aws-batch-1.32.0.tgz",
      "integrity": "sha512-tMaw/DcTQ+ZJBdAF9UqvzdSuakcWHHDe9yPdmoxQzpae8LpgW3ztHPSA/qNZT4lfNCIe8kFeecblTr/8DN5ZNQ==",
      "requires": {
        "@aws-cdk/aws-ec2": "1.32.0",
        "@aws-cdk/aws-ecr": "1.32.0",
        "@aws-cdk/aws-ecs": "1.32.0",
        "@aws-cdk/aws-iam": "1.32.0",
        "@aws-cdk/core": "1.32.0",
        "constructs": "^2.0.0"
      }
    },
    "@aws-cdk/aws-certificatemanager": {
      "version": "1.32.0",
      "resolved": "https://registry.npmjs.org/@aws-cdk/aws-certificatemanager/-/aws-certificatemanager-1.32.0.tgz",
      "integrity": "sha512-wLn2yeiEtwVhZIXL/OKoFseZeDVMJ1GeG+tkWYyvhljTvQgl3+xdCJUclYDhizFIC/VziZpM2CoSk1xrBsWVGA==",
      "requires": {
        "@aws-cdk/aws-cloudformation": "1.32.0",
        "@aws-cdk/aws-iam": "1.32.0",
        "@aws-cdk/aws-lambda": "1.32.0",
        "@aws-cdk/aws-route53": "1.32.0",
        "@aws-cdk/core": "1.32.0",
        "constructs": "^2.0.0"
      }
    },
    "@aws-cdk/aws-cloudformation": {
      "version": "1.32.0",
      "resolved": "https://registry.npmjs.org/@aws-cdk/aws-cloudformation/-/aws-cloudformation-1.32.0.tgz",
      "integrity": "sha512-NuJ7IckX0/4WvyxmLdviLWlS/jiBOXDj8RxKW/wuUOYHc+ARAekspWkYZYeXPhrqNPzwSWa/xONI3dHZORfI2A==",
      "requires": {
        "@aws-cdk/aws-iam": "1.32.0",
        "@aws-cdk/aws-lambda": "1.32.0",
        "@aws-cdk/aws-s3": "1.32.0",
        "@aws-cdk/aws-sns": "1.32.0",
        "@aws-cdk/core": "1.32.0",
        "@aws-cdk/cx-api": "1.32.0",
        "constructs": "^2.0.0"
      }
    },
    "@aws-cdk/aws-cloudfront": {
      "version": "1.32.0",
      "resolved": "https://registry.npmjs.org/@aws-cdk/aws-cloudfront/-/aws-cloudfront-1.32.0.tgz",
      "integrity": "sha512-xt7CNtZz5ekDmAb8/U2C38KxtU/oE09ci/WjQlWqo9AUuz/s2SZUZvuT2xuA4KHOEwmzEk7eEwc8yU0pCY00RA==",
      "requires": {
        "@aws-cdk/aws-certificatemanager": "1.32.0",
        "@aws-cdk/aws-iam": "1.32.0",
        "@aws-cdk/aws-kms": "1.32.0",
        "@aws-cdk/aws-lambda": "1.32.0",
        "@aws-cdk/aws-s3": "1.32.0",
        "@aws-cdk/core": "1.32.0",
        "constructs": "^2.0.0"
      }
    },
    "@aws-cdk/aws-cloudwatch": {
      "version": "1.32.0",
      "resolved": "https://registry.npmjs.org/@aws-cdk/aws-cloudwatch/-/aws-cloudwatch-1.32.0.tgz",
      "integrity": "sha512-JGxES/zE84BM61xvgjERWB7kwk6pLSM02TA8RfDMWpvzujbncHwzoEXVkQPlFyDqaR/2/i4mdJx10jGVnhvvmw==",
      "requires": {
        "@aws-cdk/aws-iam": "1.32.0",
        "@aws-cdk/core": "1.32.0",
        "constructs": "^2.0.0"
      }
    },
    "@aws-cdk/aws-codebuild": {
      "version": "1.32.0",
      "resolved": "https://registry.npmjs.org/@aws-cdk/aws-codebuild/-/aws-codebuild-1.32.0.tgz",
      "integrity": "sha512-YISnAyMyUMVjKlIOJszW2EuSMFFfzhr9tAIBcARzkB+E/I0pRgVfZN3Q1iPc0pZJFdC3/l1k+/ecMu40bufhwg==",
      "requires": {
        "@aws-cdk/assets": "1.32.0",
        "@aws-cdk/aws-cloudwatch": "1.32.0",
        "@aws-cdk/aws-codecommit": "1.32.0",
        "@aws-cdk/aws-ec2": "1.32.0",
        "@aws-cdk/aws-ecr": "1.32.0",
        "@aws-cdk/aws-ecr-assets": "1.32.0",
        "@aws-cdk/aws-events": "1.32.0",
        "@aws-cdk/aws-iam": "1.32.0",
        "@aws-cdk/aws-kms": "1.32.0",
        "@aws-cdk/aws-s3": "1.32.0",
        "@aws-cdk/aws-s3-assets": "1.32.0",
        "@aws-cdk/aws-secretsmanager": "1.32.0",
        "@aws-cdk/core": "1.32.0",
        "constructs": "^2.0.0"
      }
    },
    "@aws-cdk/aws-codecommit": {
      "version": "1.32.0",
      "resolved": "https://registry.npmjs.org/@aws-cdk/aws-codecommit/-/aws-codecommit-1.32.0.tgz",
      "integrity": "sha512-c79Rx/gP4Hi/QH/KiDRjZdatulTeaVKVFVLIr1yr1ytpy0eGPYx7OpdQrVCbcSUsEOQXy1d5cljw+MzKZtqqHw==",
      "requires": {
        "@aws-cdk/aws-events": "1.32.0",
        "@aws-cdk/aws-iam": "1.32.0",
        "@aws-cdk/core": "1.32.0",
        "constructs": "^2.0.0"
      }
    },
    "@aws-cdk/aws-codedeploy": {
      "version": "1.32.0",
      "resolved": "https://registry.npmjs.org/@aws-cdk/aws-codedeploy/-/aws-codedeploy-1.32.0.tgz",
      "integrity": "sha512-8Gzb4KBJ2IOngMr8V3BOgAw3I4udXxzTl5x6Mx1HQepvJcawII55TewselwWJvkGY8eJpROtt+lxovKeJSmHJg==",
      "requires": {
        "@aws-cdk/aws-autoscaling": "1.32.0",
        "@aws-cdk/aws-cloudwatch": "1.32.0",
        "@aws-cdk/aws-ec2": "1.32.0",
        "@aws-cdk/aws-elasticloadbalancing": "1.32.0",
        "@aws-cdk/aws-elasticloadbalancingv2": "1.32.0",
        "@aws-cdk/aws-iam": "1.32.0",
        "@aws-cdk/aws-lambda": "1.32.0",
        "@aws-cdk/aws-s3": "1.32.0",
        "@aws-cdk/core": "1.32.0",
        "constructs": "^2.0.0"
      }
    },
    "@aws-cdk/aws-codepipeline": {
      "version": "1.32.0",
      "resolved": "https://registry.npmjs.org/@aws-cdk/aws-codepipeline/-/aws-codepipeline-1.32.0.tgz",
      "integrity": "sha512-w9JMeotDZKSi4NWErYhR1E3sqc73Ukv/zTXPZBiuLIsahHNnNprkNS0Axxjf/czV8auvmxR8Xov7H/oDPmaMeg==",
      "requires": {
        "@aws-cdk/aws-events": "1.32.0",
        "@aws-cdk/aws-iam": "1.32.0",
        "@aws-cdk/aws-kms": "1.32.0",
        "@aws-cdk/aws-s3": "1.32.0",
        "@aws-cdk/core": "1.32.0",
        "constructs": "^2.0.0"
      }
    },
    "@aws-cdk/aws-codepipeline-actions": {
      "version": "1.32.0",
      "resolved": "https://registry.npmjs.org/@aws-cdk/aws-codepipeline-actions/-/aws-codepipeline-actions-1.32.0.tgz",
      "integrity": "sha512-wmD1mmQpnLSdgS1v9Jiai6scXUZDD9jHCrkjeh/ZC7nJECv2ziQQBA1AKWEvaVKNg1GzVisDMM3G8O+6/KtJzA==",
      "requires": {
        "@aws-cdk/aws-cloudformation": "1.32.0",
        "@aws-cdk/aws-codebuild": "1.32.0",
        "@aws-cdk/aws-codecommit": "1.32.0",
        "@aws-cdk/aws-codedeploy": "1.32.0",
        "@aws-cdk/aws-codepipeline": "1.32.0",
        "@aws-cdk/aws-ec2": "1.32.0",
        "@aws-cdk/aws-ecr": "1.32.0",
        "@aws-cdk/aws-ecs": "1.32.0",
        "@aws-cdk/aws-events": "1.32.0",
        "@aws-cdk/aws-events-targets": "1.32.0",
        "@aws-cdk/aws-iam": "1.32.0",
        "@aws-cdk/aws-lambda": "1.32.0",
        "@aws-cdk/aws-s3": "1.32.0",
        "@aws-cdk/aws-sns": "1.32.0",
        "@aws-cdk/aws-sns-subscriptions": "1.32.0",
        "@aws-cdk/core": "1.32.0",
        "case": "1.6.3",
        "constructs": "^2.0.0"
      },
      "dependencies": {
        "case": {
          "version": "1.6.3",
          "bundled": true
        }
      }
    },
    "@aws-cdk/aws-ec2": {
      "version": "1.32.0",
      "resolved": "https://registry.npmjs.org/@aws-cdk/aws-ec2/-/aws-ec2-1.32.0.tgz",
      "integrity": "sha512-AhiEqPYFukqT376PiNak7nUrBwyzdGPIdSmjeDQQbtQHvp2HInFK+3j0/kZxhKJvGW9KWMktxNjU3ntiVNU+CA==",
      "requires": {
        "@aws-cdk/aws-cloudwatch": "1.32.0",
        "@aws-cdk/aws-iam": "1.32.0",
        "@aws-cdk/aws-logs": "1.32.0",
        "@aws-cdk/aws-s3": "1.32.0",
        "@aws-cdk/aws-ssm": "1.32.0",
        "@aws-cdk/core": "1.32.0",
        "@aws-cdk/cx-api": "1.32.0",
        "constructs": "^2.0.0"
      }
    },
    "@aws-cdk/aws-ecr": {
      "version": "1.32.0",
      "resolved": "https://registry.npmjs.org/@aws-cdk/aws-ecr/-/aws-ecr-1.32.0.tgz",
      "integrity": "sha512-wKRLtjaej/IqkDLy8d3hTatjcBwMsIcpUFV8IVy8/JHehaLpVZLVw2lQ3nvuPsF/nXJZr+NEOh7BIpXLhLQgGw==",
      "requires": {
        "@aws-cdk/aws-events": "1.32.0",
        "@aws-cdk/aws-iam": "1.32.0",
        "@aws-cdk/core": "1.32.0",
        "constructs": "^2.0.0"
      }
    },
    "@aws-cdk/aws-ecr-assets": {
      "version": "1.32.0",
      "resolved": "https://registry.npmjs.org/@aws-cdk/aws-ecr-assets/-/aws-ecr-assets-1.32.0.tgz",
      "integrity": "sha512-ca7adPx0VA2WOOKttkHR5zj7aKD/uWuWBG5nfonpe1LZBIftWZ+yuGyQrlYy2LtbXMGc5zTkuMTCpzVRJgrMsQ==",
      "requires": {
        "@aws-cdk/assets": "1.32.0",
        "@aws-cdk/aws-cloudformation": "1.32.0",
        "@aws-cdk/aws-ecr": "1.32.0",
        "@aws-cdk/aws-iam": "1.32.0",
        "@aws-cdk/aws-lambda": "1.32.0",
        "@aws-cdk/aws-s3": "1.32.0",
        "@aws-cdk/core": "1.32.0",
        "@aws-cdk/cx-api": "1.32.0",
        "constructs": "^2.0.0",
        "minimatch": "^3.0.4"
      },
      "dependencies": {
        "balanced-match": {
          "version": "1.0.0",
          "bundled": true
        },
        "brace-expansion": {
          "version": "1.1.11",
          "bundled": true,
          "requires": {
            "balanced-match": "^1.0.0",
            "concat-map": "0.0.1"
          }
        },
        "concat-map": {
          "version": "0.0.1",
          "bundled": true
        },
        "minimatch": {
          "version": "3.0.4",
          "bundled": true,
          "requires": {
            "brace-expansion": "^1.1.7"
          }
        }
      }
    },
    "@aws-cdk/aws-ecs": {
      "version": "1.32.0",
      "resolved": "https://registry.npmjs.org/@aws-cdk/aws-ecs/-/aws-ecs-1.32.0.tgz",
      "integrity": "sha512-YgE7rr5png/brKE3H1yOjN/QQYlFYuRfNvcwS9Lfa/+1BOYsYL1zvfN5mNxRd2ixp03ou+l8UEvmwAy74wkyPA==",
      "requires": {
        "@aws-cdk/aws-applicationautoscaling": "1.32.0",
        "@aws-cdk/aws-autoscaling": "1.32.0",
        "@aws-cdk/aws-autoscaling-hooktargets": "1.32.0",
        "@aws-cdk/aws-certificatemanager": "1.32.0",
        "@aws-cdk/aws-cloudformation": "1.32.0",
        "@aws-cdk/aws-cloudwatch": "1.32.0",
        "@aws-cdk/aws-ec2": "1.32.0",
        "@aws-cdk/aws-ecr": "1.32.0",
        "@aws-cdk/aws-ecr-assets": "1.32.0",
        "@aws-cdk/aws-elasticloadbalancing": "1.32.0",
        "@aws-cdk/aws-elasticloadbalancingv2": "1.32.0",
        "@aws-cdk/aws-iam": "1.32.0",
        "@aws-cdk/aws-lambda": "1.32.0",
        "@aws-cdk/aws-logs": "1.32.0",
        "@aws-cdk/aws-route53": "1.32.0",
        "@aws-cdk/aws-route53-targets": "1.32.0",
        "@aws-cdk/aws-secretsmanager": "1.32.0",
        "@aws-cdk/aws-servicediscovery": "1.32.0",
        "@aws-cdk/aws-sns": "1.32.0",
        "@aws-cdk/aws-sqs": "1.32.0",
        "@aws-cdk/aws-ssm": "1.32.0",
        "@aws-cdk/core": "1.32.0",
        "@aws-cdk/cx-api": "1.32.0",
        "constructs": "^2.0.0"
      }
    },
    "@aws-cdk/aws-elasticloadbalancing": {
      "version": "1.32.0",
      "resolved": "https://registry.npmjs.org/@aws-cdk/aws-elasticloadbalancing/-/aws-elasticloadbalancing-1.32.0.tgz",
      "integrity": "sha512-Uy2deSlgZZ6t9Dy9SyjMF6sc7odPkbdP/Kfhoy590DEhb8kuqlw2DW+kOlETny+eYEHzilncIckVuCfkYzsm/Q==",
      "requires": {
        "@aws-cdk/aws-ec2": "1.32.0",
        "@aws-cdk/core": "1.32.0",
        "constructs": "^2.0.0"
      }
    },
    "@aws-cdk/aws-elasticloadbalancingv2": {
      "version": "1.32.0",
      "resolved": "https://registry.npmjs.org/@aws-cdk/aws-elasticloadbalancingv2/-/aws-elasticloadbalancingv2-1.32.0.tgz",
      "integrity": "sha512-uvCV2Y93/woAetBx/Y1DLvESgx/HpO+2F8Cu5cNUNwAc5yTiPj8hM6MDU/xYTzG7wWqVC6sgGoyZbfzaNzfArA==",
      "requires": {
        "@aws-cdk/aws-certificatemanager": "1.32.0",
        "@aws-cdk/aws-cloudwatch": "1.32.0",
        "@aws-cdk/aws-ec2": "1.32.0",
        "@aws-cdk/aws-iam": "1.32.0",
        "@aws-cdk/aws-lambda": "1.32.0",
        "@aws-cdk/aws-s3": "1.32.0",
        "@aws-cdk/core": "1.32.0",
        "constructs": "^2.0.0"
      }
    },
    "@aws-cdk/aws-events": {
      "version": "1.32.0",
      "resolved": "https://registry.npmjs.org/@aws-cdk/aws-events/-/aws-events-1.32.0.tgz",
      "integrity": "sha512-mhtjRZIipvalJ68jts1YFm2qXWYNeKC5/eumGlxxM7Mi4V4BHCqE946ZVIUXsIbWxAQgJs3EB9XUEgTH3hvmUA==",
      "requires": {
        "@aws-cdk/aws-iam": "1.32.0",
        "@aws-cdk/core": "1.32.0",
        "constructs": "^2.0.0"
      }
    },
    "@aws-cdk/aws-events-targets": {
      "version": "1.32.0",
      "resolved": "https://registry.npmjs.org/@aws-cdk/aws-events-targets/-/aws-events-targets-1.32.0.tgz",
      "integrity": "sha512-70zXQQ9IX8wjTFWnF41p5Ar6qavIiFM1bRp/bIH+NfQ9HIxAtlTrgjI6mi9u/ZR5+LHx0P6K3kTtuLWmqfch4Q==",
      "requires": {
        "@aws-cdk/aws-batch": "1.32.0",
        "@aws-cdk/aws-cloudformation": "1.32.0",
        "@aws-cdk/aws-codebuild": "1.32.0",
        "@aws-cdk/aws-codepipeline": "1.32.0",
        "@aws-cdk/aws-ec2": "1.32.0",
        "@aws-cdk/aws-ecs": "1.32.0",
        "@aws-cdk/aws-events": "1.32.0",
        "@aws-cdk/aws-iam": "1.32.0",
        "@aws-cdk/aws-lambda": "1.32.0",
        "@aws-cdk/aws-sns": "1.32.0",
        "@aws-cdk/aws-sns-subscriptions": "1.32.0",
        "@aws-cdk/aws-sqs": "1.32.0",
        "@aws-cdk/aws-stepfunctions": "1.32.0",
        "@aws-cdk/core": "1.32.0",
        "constructs": "^2.0.0"
      }
    },
    "@aws-cdk/aws-iam": {
      "version": "1.32.0",
      "resolved": "https://registry.npmjs.org/@aws-cdk/aws-iam/-/aws-iam-1.32.0.tgz",
      "integrity": "sha512-IdcA29eZsAv6qZ/D3JDwXTfuF9gdaMTwEWnzy9Ra2aJlbEMVC91DgEm7kv2C6ir+nli0NwTU816tM6wO2mvRpg==",
      "requires": {
        "@aws-cdk/core": "1.32.0",
        "@aws-cdk/region-info": "1.32.0",
        "constructs": "^2.0.0"
      }
    },
    "@aws-cdk/aws-kms": {
      "version": "1.32.0",
      "resolved": "https://registry.npmjs.org/@aws-cdk/aws-kms/-/aws-kms-1.32.0.tgz",
      "integrity": "sha512-OUxl55jr9oaQIIYndt4s5TygHtjHMFS5izuhptVe3Z52NecBNaptU+BM1gIFNRbx8RcVIv0LJHWGek1jdSOVig==",
      "requires": {
        "@aws-cdk/aws-iam": "1.32.0",
        "@aws-cdk/core": "1.32.0",
        "constructs": "^2.0.0"
      }
    },
    "@aws-cdk/aws-lambda": {
      "version": "1.32.0",
      "resolved": "https://registry.npmjs.org/@aws-cdk/aws-lambda/-/aws-lambda-1.32.0.tgz",
      "integrity": "sha512-4M6hJVO+IhullQIcgwzvJ74TSz66KTdAbmW8+jV39xmLA7NQDN2aEzMdcG7lJnjcAYusUFF8P3GcYFy35rGg5g==",
      "requires": {
        "@aws-cdk/aws-cloudwatch": "1.32.0",
        "@aws-cdk/aws-ec2": "1.32.0",
        "@aws-cdk/aws-events": "1.32.0",
        "@aws-cdk/aws-iam": "1.32.0",
        "@aws-cdk/aws-logs": "1.32.0",
        "@aws-cdk/aws-s3": "1.32.0",
        "@aws-cdk/aws-s3-assets": "1.32.0",
        "@aws-cdk/aws-sqs": "1.32.0",
        "@aws-cdk/core": "1.32.0",
        "@aws-cdk/cx-api": "1.32.0",
        "constructs": "^2.0.0"
      }
    },
    "@aws-cdk/aws-logs": {
      "version": "1.32.0",
      "resolved": "https://registry.npmjs.org/@aws-cdk/aws-logs/-/aws-logs-1.32.0.tgz",
      "integrity": "sha512-PLMuCUSuNJea7eCjVQ2KDFDBhjDVk9R/iD10dzRC7Xv1uIf9NWHglQzHd7UOkOJotFd9SM8//pGG+zG8vaVNdA==",
      "requires": {
        "@aws-cdk/aws-cloudwatch": "1.32.0",
        "@aws-cdk/aws-iam": "1.32.0",
        "@aws-cdk/core": "1.32.0",
        "constructs": "^2.0.0"
      }
    },
    "@aws-cdk/aws-route53": {
      "version": "1.32.0",
      "resolved": "https://registry.npmjs.org/@aws-cdk/aws-route53/-/aws-route53-1.32.0.tgz",
      "integrity": "sha512-uNJWw70SC+NJnNwWYGswH4e6rD9q0m5R4TRxM3j9r2Y1l3hyh9ywD8kd21UQ0s72Clll7xG9nbi3p+z5Q/OwPA==",
      "requires": {
        "@aws-cdk/aws-ec2": "1.32.0",
        "@aws-cdk/aws-logs": "1.32.0",
        "@aws-cdk/core": "1.32.0",
        "@aws-cdk/cx-api": "1.32.0",
        "constructs": "^2.0.0"
      }
    },
    "@aws-cdk/aws-route53-targets": {
      "version": "1.32.0",
      "resolved": "https://registry.npmjs.org/@aws-cdk/aws-route53-targets/-/aws-route53-targets-1.32.0.tgz",
      "integrity": "sha512-Yc1FoLTqPQo4sV4M/nOxQFOQinhRsffuRvPnF+nZug8YT/dgZlabhj+2x0Afui/XRUyPlOElM9GLx+QRKXXNew==",
      "requires": {
        "@aws-cdk/aws-apigateway": "1.32.0",
        "@aws-cdk/aws-cloudfront": "1.32.0",
        "@aws-cdk/aws-ec2": "1.32.0",
        "@aws-cdk/aws-elasticloadbalancing": "1.32.0",
        "@aws-cdk/aws-elasticloadbalancingv2": "1.32.0",
        "@aws-cdk/aws-iam": "1.32.0",
        "@aws-cdk/aws-route53": "1.32.0",
        "@aws-cdk/aws-s3": "1.32.0",
        "@aws-cdk/core": "1.32.0",
        "@aws-cdk/region-info": "1.32.0",
        "constructs": "^2.0.0"
      }
    },
    "@aws-cdk/aws-s3": {
      "version": "1.32.0",
      "resolved": "https://registry.npmjs.org/@aws-cdk/aws-s3/-/aws-s3-1.32.0.tgz",
      "integrity": "sha512-QQ5/5BL4k7/A/iohfmqb4e2pgcZCEfyjp+JE3L4Nh4e1GHoKGoE3oPUDePKNxQVjaaC81xIlQrELDAsZ39sjrQ==",
      "requires": {
        "@aws-cdk/aws-events": "1.32.0",
        "@aws-cdk/aws-iam": "1.32.0",
        "@aws-cdk/aws-kms": "1.32.0",
        "@aws-cdk/core": "1.32.0",
        "constructs": "^2.0.0"
      }
    },
    "@aws-cdk/aws-s3-assets": {
      "version": "1.32.0",
      "resolved": "https://registry.npmjs.org/@aws-cdk/aws-s3-assets/-/aws-s3-assets-1.32.0.tgz",
      "integrity": "sha512-EYGlbJp8qzMw44vFUxb4rtF6XVfcZkSrKuKwM97d8Ixr/bCyooS7naYkBEzA0iDOy+fdEtnLjYSiOYuxp+7qIw==",
      "requires": {
        "@aws-cdk/assets": "1.32.0",
        "@aws-cdk/aws-iam": "1.32.0",
        "@aws-cdk/aws-s3": "1.32.0",
        "@aws-cdk/core": "1.32.0",
        "@aws-cdk/cx-api": "1.32.0",
        "constructs": "^2.0.0"
      }
    },
    "@aws-cdk/aws-sam": {
      "version": "1.32.0",
      "resolved": "https://registry.npmjs.org/@aws-cdk/aws-sam/-/aws-sam-1.32.0.tgz",
      "integrity": "sha512-B3Z7C4XXYPLJWbomLhPVg2PKz4t5mF6qhvXIBZ2S8LZ8E7rlaBUJgVa2XhphOSK5DkBqSwOmzG/dZRwKtU2iOw==",
      "requires": {
        "@aws-cdk/core": "1.32.0",
        "constructs": "^2.0.0"
      }
    },
    "@aws-cdk/aws-secretsmanager": {
      "version": "1.32.0",
      "resolved": "https://registry.npmjs.org/@aws-cdk/aws-secretsmanager/-/aws-secretsmanager-1.32.0.tgz",
      "integrity": "sha512-PEC0wmShkmtM5U+17J9iROQBX0uNxWHLNtLG1ZtCXgkPOBUz5hdCswDeKpUStbld7FKmKvGmaFWksCdMtJLHRA==",
      "requires": {
        "@aws-cdk/aws-ec2": "1.32.0",
        "@aws-cdk/aws-iam": "1.32.0",
        "@aws-cdk/aws-kms": "1.32.0",
        "@aws-cdk/aws-lambda": "1.32.0",
        "@aws-cdk/aws-sam": "1.32.0",
        "@aws-cdk/core": "1.32.0",
        "constructs": "^2.0.0"
      }
    },
    "@aws-cdk/aws-servicediscovery": {
      "version": "1.32.0",
      "resolved": "https://registry.npmjs.org/@aws-cdk/aws-servicediscovery/-/aws-servicediscovery-1.32.0.tgz",
      "integrity": "sha512-dPrSihHq2nIoc4qyJA2usdClqUFOyl5S6dtV00f58Z4vwUju2WC/uITQQQL32B0Yq5WLuZm8PiFXdfhhQrH8rA==",
      "requires": {
        "@aws-cdk/aws-ec2": "1.32.0",
        "@aws-cdk/aws-elasticloadbalancingv2": "1.32.0",
        "@aws-cdk/aws-route53": "1.32.0",
        "@aws-cdk/core": "1.32.0",
        "constructs": "^2.0.0"
      }
    },
    "@aws-cdk/aws-sns": {
      "version": "1.32.0",
      "resolved": "https://registry.npmjs.org/@aws-cdk/aws-sns/-/aws-sns-1.32.0.tgz",
      "integrity": "sha512-KX3IWJ9BuOwnwDPXs3cI67wbofmzpyX9QTiQCbljw/n0n2VU2+tRRCct+13z+dIVONisZHlcjqJ7fiLRZdtmXg==",
      "requires": {
        "@aws-cdk/aws-cloudwatch": "1.32.0",
        "@aws-cdk/aws-events": "1.32.0",
        "@aws-cdk/aws-iam": "1.32.0",
        "@aws-cdk/aws-kms": "1.32.0",
        "@aws-cdk/core": "1.32.0",
        "constructs": "^2.0.0"
      }
    },
    "@aws-cdk/aws-sns-subscriptions": {
      "version": "1.32.0",
      "resolved": "https://registry.npmjs.org/@aws-cdk/aws-sns-subscriptions/-/aws-sns-subscriptions-1.32.0.tgz",
      "integrity": "sha512-+XA4LnAQG1G8Az+IZB1WVzfvI2kUch15BHif2n2W6Rn6n4dR5kf/QRQ5C/0uMsoe4ds8dRh+3ANG3sUhEN090w==",
      "requires": {
        "@aws-cdk/aws-iam": "1.32.0",
        "@aws-cdk/aws-lambda": "1.32.0",
        "@aws-cdk/aws-sns": "1.32.0",
        "@aws-cdk/aws-sqs": "1.32.0",
        "@aws-cdk/core": "1.32.0",
        "constructs": "^2.0.0"
      }
    },
    "@aws-cdk/aws-sqs": {
      "version": "1.32.0",
      "resolved": "https://registry.npmjs.org/@aws-cdk/aws-sqs/-/aws-sqs-1.32.0.tgz",
      "integrity": "sha512-WUYrpLTIWRA/FihoJkifBOOYXDun1hhivg4jrX8TZQ6XpnYgmV22GtbFrFCo+wJYFI/rD9T5UtLswEHJf0FPFQ==",
      "requires": {
        "@aws-cdk/aws-cloudwatch": "1.32.0",
        "@aws-cdk/aws-iam": "1.32.0",
        "@aws-cdk/aws-kms": "1.32.0",
        "@aws-cdk/core": "1.32.0",
        "constructs": "^2.0.0"
      }
    },
    "@aws-cdk/aws-ssm": {
      "version": "1.32.0",
      "resolved": "https://registry.npmjs.org/@aws-cdk/aws-ssm/-/aws-ssm-1.32.0.tgz",
      "integrity": "sha512-GCo7mBXoMrzAzAXOkTt4/kqGe11ozgBxtGqAfV6sueNnZTQedNlIZ6SMTP8pcT85zUPBcBrXqu2EBuIGgwzrAg==",
      "requires": {
        "@aws-cdk/aws-iam": "1.32.0",
        "@aws-cdk/aws-kms": "1.32.0",
        "@aws-cdk/core": "1.32.0",
        "@aws-cdk/cx-api": "1.32.0",
        "constructs": "^2.0.0"
      }
    },
    "@aws-cdk/aws-stepfunctions": {
      "version": "1.32.0",
      "resolved": "https://registry.npmjs.org/@aws-cdk/aws-stepfunctions/-/aws-stepfunctions-1.32.0.tgz",
      "integrity": "sha512-hrVsgHCN3jPO8oMHilYBNyDl1ymXb7+OH3FZUuQ7MAghJvcbsY05Kg5LfWKamZLOodYllnRqSfw9BcjBQVdxiQ==",
      "requires": {
        "@aws-cdk/aws-cloudwatch": "1.32.0",
        "@aws-cdk/aws-events": "1.32.0",
        "@aws-cdk/aws-iam": "1.32.0",
        "@aws-cdk/aws-logs": "1.32.0",
        "@aws-cdk/core": "1.32.0",
        "constructs": "^2.0.0"
      }
    },
    "@aws-cdk/core": {
      "version": "1.32.0",
      "resolved": "https://registry.npmjs.org/@aws-cdk/core/-/core-1.32.0.tgz",
      "integrity": "sha512-kFVdTNGXPnJcxkBQbaUXYKYXN2Z36I9aLvChA/3kr992EXaDG3T607nDFA8ofnYJXhm154hyfsz7CDNEBa6Zmw==",
      "requires": {
        "@aws-cdk/cx-api": "1.32.0",
        "constructs": "^2.0.0"
      }
    },
    "@aws-cdk/cx-api": {
      "version": "1.32.0",
      "resolved": "https://registry.npmjs.org/@aws-cdk/cx-api/-/cx-api-1.32.0.tgz",
      "integrity": "sha512-cmqAQm+FpMpXz6Y6tQnTOVHi73uhwv00lqjeDYIl91zTmuXib8EU1ggjO00/BKrx7VOl2odczOVLLAkOIWZjHw==",
      "requires": {
        "semver": "^7.2.1"
      },
      "dependencies": {
        "semver": {
          "version": "7.2.1",
          "bundled": true
        }
      }
    },
    "@aws-cdk/region-info": {
      "version": "1.32.0",
      "resolved": "https://registry.npmjs.org/@aws-cdk/region-info/-/region-info-1.32.0.tgz",
      "integrity": "sha512-HpFMSdtkklTwoxwCjc17jjGSw+xSRws0ftEXeUvjVA/cOmgKOlqdrkZDsKePKJDWAwqGcRoq7yxlN/3SyB/GPA=="
    },
    "@types/js-yaml": {
      "version": "3.12.3",
      "resolved": "https://registry.npmjs.org/@types/js-yaml/-/js-yaml-3.12.3.tgz",
      "integrity": "sha512-otRe77JNNWzoVGLKw8TCspKswRoQToys4tuL6XYVBFxjgeM0RUrx7m3jkaTdxILxeGry3zM8mGYkGXMeQ02guA==",
      "dev": true
    },
    "@types/node": {
      "version": "10.17.5",
      "resolved": "https://registry.npmjs.org/@types/node/-/node-10.17.5.tgz",
      "integrity": "sha512-RElZIr/7JreF1eY6oD5RF3kpmdcreuQPjg5ri4oQ5g9sq7YWU8HkfB3eH8GwAwxf5OaCh0VPi7r4N/yoTGelrA==",
      "dev": true
    },
    "arg": {
      "version": "4.1.3",
      "resolved": "https://registry.npmjs.org/arg/-/arg-4.1.3.tgz",
      "integrity": "sha512-58S9QDqG0Xx27YwPSt9fJxivjYl432YCwfDMfZ+71RAqUrZef7LrKQZ3LHLOwCS4FLNBplP533Zx895SeOCHvA==",
      "dev": true
    },
    "argparse": {
      "version": "1.0.10",
      "resolved": "https://registry.npmjs.org/argparse/-/argparse-1.0.10.tgz",
      "integrity": "sha512-o5Roy6tNG4SL/FOkCAN6RzjiakZS25RLYFrcMttJqbdd8BWrnA+fGz57iN5Pb06pvBGvl5gQ0B48dJlslXvoTg==",
      "dev": true,
      "requires": {
        "sprintf-js": "~1.0.2"
      }
    },
    "buffer-from": {
      "version": "1.1.1",
      "resolved": "https://registry.npmjs.org/buffer-from/-/buffer-from-1.1.1.tgz",
      "integrity": "sha512-MQcXEUbCKtEo7bhqEs6560Hyd4XaovZlO/k9V3hjVUF/zwW7KBVdSK4gIt/bzwS9MbR5qob+F5jusZsb0YQK2A==",
      "dev": true
    },
    "constructs": {
      "version": "2.0.1",
      "resolved": "https://registry.npmjs.org/constructs/-/constructs-2.0.1.tgz",
      "integrity": "sha512-edR85YFGI9TBT9byAo5vAfI0PRi+jFGzinwN3RAJwKfv6Yc9x9kALYfoEmgotp95qT7/k/iUQWHrH9BMJeqpdg=="
    },
    "diff": {
      "version": "4.0.2",
      "resolved": "https://registry.npmjs.org/diff/-/diff-4.0.2.tgz",
      "integrity": "sha512-58lmxKSA4BNyLz+HHMUzlOEpg09FV+ev6ZMe3vJihgdxzgcwZ8VoEEPmALCZG9LmqfVoNMMKpttIYTVG6uDY7A==",
      "dev": true
    },
    "esprima": {
      "version": "4.0.1",
      "resolved": "https://registry.npmjs.org/esprima/-/esprima-4.0.1.tgz",
      "integrity": "sha512-eGuFFw7Upda+g4p+QHvnW0RyTX/SVeJBDM/gCtMARO0cLuT2HcEKnTPvhjV6aGeqrCB/sbNop0Kszm0jsaWU4A==",
      "dev": true
    },
    "js-yaml": {
      "version": "3.13.1",
      "resolved": "https://registry.npmjs.org/js-yaml/-/js-yaml-3.13.1.tgz",
      "integrity": "sha512-YfbcO7jXDdyj0DGxYVSlSeQNHbD7XPWvrVWeVUujrQEoZzWJIRrCPoyk6kL6IAjAG2IolMK4T0hNUe0HOUs5Jw==",
      "dev": true,
      "requires": {
        "argparse": "^1.0.7",
        "esprima": "^4.0.0"
      }
    },
    "make-error": {
      "version": "1.3.6",
      "resolved": "https://registry.npmjs.org/make-error/-/make-error-1.3.6.tgz",
      "integrity": "sha512-s8UhlNe7vPKomQhC1qFelMokr/Sc3AgNbso3n74mVPA5LTZwkB9NlXf4XPamLxJE8h0gh73rM94xvwRT2CVInw==",
      "dev": true
    },
    "source-map": {
      "version": "0.6.1",
      "resolved": "https://registry.npmjs.org/source-map/-/source-map-0.6.1.tgz",
      "integrity": "sha512-UjgapumWlbMhkBgzT7Ykc5YXUT46F0iKu8SGXq0bcwP5dz/h0Plj6enJqjz1Zbq2l5WaqYnrVbwWOWMyF3F47g==",
      "dev": true
    },
    "source-map-support": {
      "version": "0.5.16",
      "resolved": "https://registry.npmjs.org/source-map-support/-/source-map-support-0.5.16.tgz",
      "integrity": "sha512-efyLRJDr68D9hBBNIPWFjhpFzURh+KJykQwvMyW5UiZzYwoF6l4YMMDIJJEyFWxWCqfyxLzz6tSfUFR+kXXsVQ==",
      "dev": true,
      "requires": {
        "buffer-from": "^1.0.0",
        "source-map": "^0.6.0"
      }
    },
    "sprintf-js": {
      "version": "1.0.3",
      "resolved": "https://registry.npmjs.org/sprintf-js/-/sprintf-js-1.0.3.tgz",
      "integrity": "sha1-BOaSb2YolTVPPdAVIDYzuFcpfiw=",
      "dev": true
    },
    "ts-node": {
      "version": "8.8.1",
      "resolved": "https://registry.npmjs.org/ts-node/-/ts-node-8.8.1.tgz",
      "integrity": "sha512-10DE9ONho06QORKAaCBpPiFCdW+tZJuY/84tyypGtl6r+/C7Asq0dhqbRZURuUlLQtZxxDvT8eoj8cGW0ha6Bg==",
      "dev": true,
      "requires": {
        "arg": "^4.1.0",
        "diff": "^4.0.1",
        "make-error": "^1.1.1",
        "source-map-support": "^0.5.6",
        "yn": "3.1.1"
      }
    },
    "typescript": {
      "version": "3.8.3",
      "resolved": "https://registry.npmjs.org/typescript/-/typescript-3.8.3.tgz",
      "integrity": "sha512-MYlEfn5VrLNsgudQTVJeNaQFUAI7DkhnOjdpAp4T+ku1TfQClewlbSuTVHiA+8skNBgaf02TL/kLOvig4y3G8w==",
      "dev": true
    },
    "yn": {
      "version": "3.1.1",
      "resolved": "https://registry.npmjs.org/yn/-/yn-3.1.1.tgz",
      "integrity": "sha512-Ux4ygGWsu2c7isFWe8Yu1YluJmqVhxqK2cLXNQA5AcC3QfbGNpM7fu0Y8b/z16pXLnFxZYvWhd3fhBY9DLmC6Q==",
      "dev": true
    }
  }
}
